
Microsoft Visual Studio Solution File, Format Version 12.00
# Visual Studio Version 17
VisualStudioVersion = 17.8.34511.84
MinimumVisualStudioVersion = 10.0.40219.1
Project("{FAE04EC0-301F-11D3-BF4B-00C04F79EFBC}") = "CPT206-CH14-5-Lab-David-Hudgins", "CPT206-CH14-5-Lab-David-Hudgins.csproj", "{BFEE6B97-0007-4E0B-A1BF-78180A3D6EBA}"
EndProject
Global
	GlobalSection(SolutionConfigurationPlatforms) = preSolution
		Debug|Any CPU = Debug|Any CPU
		Release|Any CPU = Release|Any CPU
	EndGlobalSection
	GlobalSection(ProjectConfigurationPlatforms) = postSolution
		{BFEE6B97-0007-4E0B-A1BF-78180A3D6EBA}.Debug|Any CPU.ActiveCfg = Debug|Any CPU
		{BFEE6B97-0007-4E0B-A1BF-78180A3D6EBA}.Debug|Any CPU.Build.0 = Debug|Any CPU
		{BFEE6B97-0007-4E0B-A1BF-78180A3D6EBA}.Release|Any CPU.ActiveCfg = Release|Any CPU
		{BFEE6B97-0007-4E0B-A1BF-78180A3D6EBA}.Release|Any CPU.Build.0 = Release|Any CPU
	EndGlobalSection
	GlobalSection(SolutionProperties) = preSolution
		HideSolutionNode = FALSE
	EndGlobalSection
	GlobalSection(ExtensibilityGlobals) = postSolution
		SolutionGuid = {63D0610C-949C-40FC-AE8F-793C3E660B01}
	EndGlobalSection
EndGlobal
